
Microsoft Visual Studio Solution File, Format Version 12.00
# Visual Studio 14
VisualStudioVersion = 14.0.25420.1
MinimumVisualStudioVersion = 10.0.40219.1
Project("{8BC9CEB8-8B4A-11D0-8D11-00A0C91BC942}") = "libCRCL", "libCRCL\libCRCL.vcxproj", "{C2568C80-C86C-4BBF-9BE2-192CB4E2EA5E}"
EndProject
Project("{8BC9CEB8-8B4A-11D0-8D11-00A0C91BC942}") = "libCRPI", "libCRPI\libCRPI.vcxproj", "{F620522F-6064-4F82-A01C-0DD9F8135DB3}"
EndProject
Project("{8BC9CEB8-8B4A-11D0-8D11-00A0C91BC942}") = "libMath", "libMath\libMath.vcxproj", "{127FECBF-E1C4-4CA8-869C-B7E3C0EF8674}"
EndProject
Project("{8BC9CEB8-8B4A-11D0-8D11-00A0C91BC942}") = "libSerial", "libSerial\libSerial.vcxproj", "{3A8F0576-DD88-4AEC-9587-2CA1EB668998}"
EndProject
Project("{8BC9CEB8-8B4A-11D0-8D11-00A0C91BC942}") = "libulapi", "libulapi\libulapi.vcxproj", "{9CAB5EBE-5666-481A-953F-07971842709D}"
EndProject
Project("{8BC9CEB8-8B4A-11D0-8D11-00A0C91BC942}") = "CRCL_Robot_Simulator", "CRCL_Robot_Simulator\CRCL_Robot_Simulator.vcxproj", "{91E2E920-78EE-4D1A-BFA6-E82D8B13B591}"
	ProjectSection(ProjectDependencies) = postProject
		{C2568C80-C86C-4BBF-9BE2-192CB4E2EA5E} = {C2568C80-C86C-4BBF-9BE2-192CB4E2EA5E}
		{9CAB5EBE-5666-481A-953F-07971842709D} = {9CAB5EBE-5666-481A-953F-07971842709D}
	EndProjectSection
EndProject
Project("{8BC9CEB8-8B4A-11D0-8D11-00A0C91BC942}") = "CRCL_Client_Shell", "CRCL_Client_Shell\CRCL_Client_Shell.vcxproj", "{133A25CA-24DC-4A61-8D2B-AA4E3BB2C091}"
	ProjectSection(ProjectDependencies) = postProject
		{C2568C80-C86C-4BBF-9BE2-192CB4E2EA5E} = {C2568C80-C86C-4BBF-9BE2-192CB4E2EA5E}
		{9CAB5EBE-5666-481A-953F-07971842709D} = {9CAB5EBE-5666-481A-953F-07971842709D}
	EndProjectSection
EndProject
Project("{8BC9CEB8-8B4A-11D0-8D11-00A0C91BC942}") = "Move_Test", "Move_Test\Move_Test.vcxproj", "{D423E672-DFBE-4BA5-A801-8736B9B938C7}"
	ProjectSection(ProjectDependencies) = postProject
		{F620522F-6064-4F82-A01C-0DD9F8135DB3} = {F620522F-6064-4F82-A01C-0DD9F8135DB3}
		{3A8F0576-DD88-4AEC-9587-2CA1EB668998} = {3A8F0576-DD88-4AEC-9587-2CA1EB668998}
		{C2568C80-C86C-4BBF-9BE2-192CB4E2EA5E} = {C2568C80-C86C-4BBF-9BE2-192CB4E2EA5E}
		{9CAB5EBE-5666-481A-953F-07971842709D} = {9CAB5EBE-5666-481A-953F-07971842709D}
		{127FECBF-E1C4-4CA8-869C-B7E3C0EF8674} = {127FECBF-E1C4-4CA8-869C-B7E3C0EF8674}
	EndProjectSection
EndProject
Project("{8BC9CEB8-8B4A-11D0-8D11-00A0C91BC942}") = "Fanuc_Test", "Fanuc_Test\Fanuc_Test.vcxproj", "{EF02A859-C84D-48F4-A065-33B9F464757A}"
	ProjectSection(ProjectDependencies) = postProject
		{F620522F-6064-4F82-A01C-0DD9F8135DB3} = {F620522F-6064-4F82-A01C-0DD9F8135DB3}
		{3A8F0576-DD88-4AEC-9587-2CA1EB668998} = {3A8F0576-DD88-4AEC-9587-2CA1EB668998}
		{C2568C80-C86C-4BBF-9BE2-192CB4E2EA5E} = {C2568C80-C86C-4BBF-9BE2-192CB4E2EA5E}
		{9CAB5EBE-5666-481A-953F-07971842709D} = {9CAB5EBE-5666-481A-953F-07971842709D}
		{127FECBF-E1C4-4CA8-869C-B7E3C0EF8674} = {127FECBF-E1C4-4CA8-869C-B7E3C0EF8674}
	EndProjectSection
EndProject
Project("{8BC9CEB8-8B4A-11D0-8D11-00A0C91BC942}") = "Motoman_Test", "Motoman_Test\Motoman_Test.vcxproj", "{3541A975-F6CF-4D5C-87D4-5B1238109C85}"
	ProjectSection(ProjectDependencies) = postProject
		{F620522F-6064-4F82-A01C-0DD9F8135DB3} = {F620522F-6064-4F82-A01C-0DD9F8135DB3}
		{3A8F0576-DD88-4AEC-9587-2CA1EB668998} = {3A8F0576-DD88-4AEC-9587-2CA1EB668998}
		{C2568C80-C86C-4BBF-9BE2-192CB4E2EA5E} = {C2568C80-C86C-4BBF-9BE2-192CB4E2EA5E}
		{9CAB5EBE-5666-481A-953F-07971842709D} = {9CAB5EBE-5666-481A-953F-07971842709D}
		{127FECBF-E1C4-4CA8-869C-B7E3C0EF8674} = {127FECBF-E1C4-4CA8-869C-B7E3C0EF8674}
	EndProjectSection
EndProject
Project("{8BC9CEB8-8B4A-11D0-8D11-00A0C91BC942}") = "CRPI_Shell", "CRPI_Shell\CRPI_Shell.vcxproj", "{308FEDA6-F1D8-4614-91AD-C842C22561FB}"
	ProjectSection(ProjectDependencies) = postProject
		{F620522F-6064-4F82-A01C-0DD9F8135DB3} = {F620522F-6064-4F82-A01C-0DD9F8135DB3}
		{3A8F0576-DD88-4AEC-9587-2CA1EB668998} = {3A8F0576-DD88-4AEC-9587-2CA1EB668998}
		{C2568C80-C86C-4BBF-9BE2-192CB4E2EA5E} = {C2568C80-C86C-4BBF-9BE2-192CB4E2EA5E}
		{9CAB5EBE-5666-481A-953F-07971842709D} = {9CAB5EBE-5666-481A-953F-07971842709D}
		{127FECBF-E1C4-4CA8-869C-B7E3C0EF8674} = {127FECBF-E1C4-4CA8-869C-B7E3C0EF8674}
	EndProjectSection
EndProject
Global
	GlobalSection(SolutionConfigurationPlatforms) = preSolution
		Debug|x64 = Debug|x64
		Debug|x86 = Debug|x86
		Release|x64 = Release|x64
		Release|x86 = Release|x86
	EndGlobalSection
	GlobalSection(ProjectConfigurationPlatforms) = postSolution
		{C2568C80-C86C-4BBF-9BE2-192CB4E2EA5E}.Debug|x64.ActiveCfg = Debug|x64
		{C2568C80-C86C-4BBF-9BE2-192CB4E2EA5E}.Debug|x64.Build.0 = Debug|x64
		{C2568C80-C86C-4BBF-9BE2-192CB4E2EA5E}.Debug|x86.ActiveCfg = Debug|Win32
		{C2568C80-C86C-4BBF-9BE2-192CB4E2EA5E}.Debug|x86.Build.0 = Debug|Win32
		{C2568C80-C86C-4BBF-9BE2-192CB4E2EA5E}.Release|x64.ActiveCfg = Release|x64
		{C2568C80-C86C-4BBF-9BE2-192CB4E2EA5E}.Release|x64.Build.0 = Release|x64
		{C2568C80-C86C-4BBF-9BE2-192CB4E2EA5E}.Release|x86.ActiveCfg = Release|Win32
		{C2568C80-C86C-4BBF-9BE2-192CB4E2EA5E}.Release|x86.Build.0 = Release|Win32
		{F620522F-6064-4F82-A01C-0DD9F8135DB3}.Debug|x64.ActiveCfg = Debug|x64
		{F620522F-6064-4F82-A01C-0DD9F8135DB3}.Debug|x64.Build.0 = Debug|x64
		{F620522F-6064-4F82-A01C-0DD9F8135DB3}.Debug|x86.ActiveCfg = Debug|Win32
		{F620522F-6064-4F82-A01C-0DD9F8135DB3}.Debug|x86.Build.0 = Debug|Win32
		{F620522F-6064-4F82-A01C-0DD9F8135DB3}.Release|x64.ActiveCfg = Release|x64
		{F620522F-6064-4F82-A01C-0DD9F8135DB3}.Release|x64.Build.0 = Release|x64
		{F620522F-6064-4F82-A01C-0DD9F8135DB3}.Release|x86.ActiveCfg = Release|Win32
		{F620522F-6064-4F82-A01C-0DD9F8135DB3}.Release|x86.Build.0 = Release|Win32
		{127FECBF-E1C4-4CA8-869C-B7E3C0EF8674}.Debug|x64.ActiveCfg = Debug|x64
		{127FECBF-E1C4-4CA8-869C-B7E3C0EF8674}.Debug|x64.Build.0 = Debug|x64
		{127FECBF-E1C4-4CA8-869C-B7E3C0EF8674}.Debug|x86.ActiveCfg = Debug|Win32
		{127FECBF-E1C4-4CA8-869C-B7E3C0EF8674}.Debug|x86.Build.0 = Debug|Win32
		{127FECBF-E1C4-4CA8-869C-B7E3C0EF8674}.Release|x64.ActiveCfg = Release|x64
		{127FECBF-E1C4-4CA8-869C-B7E3C0EF8674}.Release|x64.Build.0 = Release|x64
		{127FECBF-E1C4-4CA8-869C-B7E3C0EF8674}.Release|x86.ActiveCfg = Release|Win32
		{127FECBF-E1C4-4CA8-869C-B7E3C0EF8674}.Release|x86.Build.0 = Release|Win32
		{3A8F0576-DD88-4AEC-9587-2CA1EB668998}.Debug|x64.ActiveCfg = Debug|x64
		{3A8F0576-DD88-4AEC-9587-2CA1EB668998}.Debug|x64.Build.0 = Debug|x64
		{3A8F0576-DD88-4AEC-9587-2CA1EB668998}.Debug|x86.ActiveCfg = Debug|Win32
		{3A8F0576-DD88-4AEC-9587-2CA1EB668998}.Debug|x86.Build.0 = Debug|Win32
		{3A8F0576-DD88-4AEC-9587-2CA1EB668998}.Release|x64.ActiveCfg = Release|x64
		{3A8F0576-DD88-4AEC-9587-2CA1EB668998}.Release|x64.Build.0 = Release|x64
		{3A8F0576-DD88-4AEC-9587-2CA1EB668998}.Release|x86.ActiveCfg = Release|Win32
		{3A8F0576-DD88-4AEC-9587-2CA1EB668998}.Release|x86.Build.0 = Release|Win32
		{9CAB5EBE-5666-481A-953F-07971842709D}.Debug|x64.ActiveCfg = Debug|x64
		{9CAB5EBE-5666-481A-953F-07971842709D}.Debug|x64.Build.0 = Debug|x64
		{9CAB5EBE-5666-481A-953F-07971842709D}.Debug|x86.ActiveCfg = Debug|Win32
		{9CAB5EBE-5666-481A-953F-07971842709D}.Debug|x86.Build.0 = Debug|Win32
		{9CAB5EBE-5666-481A-953F-07971842709D}.Release|x64.ActiveCfg = Release|x64
		{9CAB5EBE-5666-481A-953F-07971842709D}.Release|x64.Build.0 = Release|x64
		{9CAB5EBE-5666-481A-953F-07971842709D}.Release|x86.ActiveCfg = Release|Win32
		{9CAB5EBE-5666-481A-953F-07971842709D}.Release|x86.Build.0 = Release|Win32
		{91E2E920-78EE-4D1A-BFA6-E82D8B13B591}.Debug|x64.ActiveCfg = Debug|x64
		{91E2E920-78EE-4D1A-BFA6-E82D8B13B591}.Debug|x64.Build.0 = Debug|x64
		{91E2E920-78EE-4D1A-BFA6-E82D8B13B591}.Debug|x86.ActiveCfg = Debug|Win32
		{91E2E920-78EE-4D1A-BFA6-E82D8B13B591}.Debug|x86.Build.0 = Debug|Win32
		{91E2E920-78EE-4D1A-BFA6-E82D8B13B591}.Release|x64.ActiveCfg = Release|x64
		{91E2E920-78EE-4D1A-BFA6-E82D8B13B591}.Release|x64.Build.0 = Release|x64
		{91E2E920-78EE-4D1A-BFA6-E82D8B13B591}.Release|x86.ActiveCfg = Release|Win32
		{91E2E920-78EE-4D1A-BFA6-E82D8B13B591}.Release|x86.Build.0 = Release|Win32
		{133A25CA-24DC-4A61-8D2B-AA4E3BB2C091}.Debug|x64.ActiveCfg = Debug|x64
		{133A25CA-24DC-4A61-8D2B-AA4E3BB2C091}.Debug|x64.Build.0 = Debug|x64
		{133A25CA-24DC-4A61-8D2B-AA4E3BB2C091}.Debug|x86.ActiveCfg = Debug|Win32
		{133A25CA-24DC-4A61-8D2B-AA4E3BB2C091}.Debug|x86.Build.0 = Debug|Win32
		{133A25CA-24DC-4A61-8D2B-AA4E3BB2C091}.Release|x64.ActiveCfg = Release|x64
		{133A25CA-24DC-4A61-8D2B-AA4E3BB2C091}.Release|x64.Build.0 = Release|x64
		{133A25CA-24DC-4A61-8D2B-AA4E3BB2C091}.Release|x86.ActiveCfg = Release|Win32
		{133A25CA-24DC-4A61-8D2B-AA4E3BB2C091}.Release|x86.Build.0 = Release|Win32
		{D423E672-DFBE-4BA5-A801-8736B9B938C7}.Debug|x64.ActiveCfg = Debug|x64
		{D423E672-DFBE-4BA5-A801-8736B9B938C7}.Debug|x64.Build.0 = Debug|x64
		{D423E672-DFBE-4BA5-A801-8736B9B938C7}.Debug|x86.ActiveCfg = Debug|Win32
		{D423E672-DFBE-4BA5-A801-8736B9B938C7}.Debug|x86.Build.0 = Debug|Win32
		{D423E672-DFBE-4BA5-A801-8736B9B938C7}.Release|x64.ActiveCfg = Release|x64
		{D423E672-DFBE-4BA5-A801-8736B9B938C7}.Release|x64.Build.0 = Release|x64
		{D423E672-DFBE-4BA5-A801-8736B9B938C7}.Release|x86.ActiveCfg = Release|Win32
		{D423E672-DFBE-4BA5-A801-8736B9B938C7}.Release|x86.Build.0 = Release|Win32
		{EF02A859-C84D-48F4-A065-33B9F464757A}.Debug|x64.ActiveCfg = Debug|x64
		{EF02A859-C84D-48F4-A065-33B9F464757A}.Debug|x64.Build.0 = Debug|x64
		{EF02A859-C84D-48F4-A065-33B9F464757A}.Debug|x86.ActiveCfg = Debug|Win32
		{EF02A859-C84D-48F4-A065-33B9F464757A}.Debug|x86.Build.0 = Debug|Win32
		{EF02A859-C84D-48F4-A065-33B9F464757A}.Release|x64.ActiveCfg = Release|x64
		{EF02A859-C84D-48F4-A065-33B9F464757A}.Release|x64.Build.0 = Release|x64
		{EF02A859-C84D-48F4-A065-33B9F464757A}.Release|x86.ActiveCfg = Release|Win32
		{EF02A859-C84D-48F4-A065-33B9F464757A}.Release|x86.Build.0 = Release|Win32
		{3541A975-F6CF-4D5C-87D4-5B1238109C85}.Debug|x64.ActiveCfg = Debug|x64
		{3541A975-F6CF-4D5C-87D4-5B1238109C85}.Debug|x64.Build.0 = Debug|x64
		{3541A975-F6CF-4D5C-87D4-5B1238109C85}.Debug|x86.ActiveCfg = Debug|Win32
		{3541A975-F6CF-4D5C-87D4-5B1238109C85}.Debug|x86.Build.0 = Debug|Win32
		{3541A975-F6CF-4D5C-87D4-5B1238109C85}.Release|x64.ActiveCfg = Release|x64
		{3541A975-F6CF-4D5C-87D4-5B1238109C85}.Release|x64.Build.0 = Release|x64
		{3541A975-F6CF-4D5C-87D4-5B1238109C85}.Release|x86.ActiveCfg = Release|Win32
		{3541A975-F6CF-4D5C-87D4-5B1238109C85}.Release|x86.Build.0 = Release|Win32
		{308FEDA6-F1D8-4614-91AD-C842C22561FB}.Debug|x64.ActiveCfg = Debug|x64
		{308FEDA6-F1D8-4614-91AD-C842C22561FB}.Debug|x64.Build.0 = Debug|x64
		{308FEDA6-F1D8-4614-91AD-C842C22561FB}.Debug|x86.ActiveCfg = Debug|Win32
		{308FEDA6-F1D8-4614-91AD-C842C22561FB}.Debug|x86.Build.0 = Debug|Win32
		{308FEDA6-F1D8-4614-91AD-C842C22561FB}.Release|x64.ActiveCfg = Release|x64
		{308FEDA6-F1D8-4614-91AD-C842C22561FB}.Release|x64.Build.0 = Release|x64
		{308FEDA6-F1D8-4614-91AD-C842C22561FB}.Release|x86.ActiveCfg = Release|Win32
		{308FEDA6-F1D8-4614-91AD-C842C22561FB}.Release|x86.Build.0 = Release|Win32
	EndGlobalSection
	GlobalSection(SolutionProperties) = preSolution
		HideSolutionNode = FALSE
	EndGlobalSection
EndGlobal
