
Microsoft Visual Studio Solution File, Format Version 12.00
# Visual Studio 14
VisualStudioVersion = 14.0.23107.0
MinimumVisualStudioVersion = 10.0.40219.1
Project("{8BC9CEB8-8B4A-11D0-8D11-00A0C91BC942}") = "CRCLClient", "CRCLClient.vcxproj", "{A09EF19F-50D7-4DBD-BD94-C2A0DB1B2CCE}"
	ProjectSection(ProjectDependencies) = postProject
		{C69C0A87-90A4-4189-BBB8-5A57C7A8E92B} = {C69C0A87-90A4-4189-BBB8-5A57C7A8E92B}
	EndProjectSection
EndProject
Project("{8BC9CEB8-8B4A-11D0-8D11-00A0C91BC942}") = "CRCLGenerated", "..\CRCLGenerated\CRCLGenerated.vcxproj", "{C69C0A87-90A4-4189-BBB8-5A57C7A8E92B}"
EndProject
Global
	GlobalSection(SolutionConfigurationPlatforms) = preSolution
		Debug|x64 = Debug|x64
		Debug|x86 = Debug|x86
		Release|x64 = Release|x64
		Release|x86 = Release|x86
	EndGlobalSection
	GlobalSection(ProjectConfigurationPlatforms) = postSolution
		{A09EF19F-50D7-4DBD-BD94-C2A0DB1B2CCE}.Debug|x64.ActiveCfg = Debug|x64
		{A09EF19F-50D7-4DBD-BD94-C2A0DB1B2CCE}.Debug|x64.Build.0 = Debug|x64
		{A09EF19F-50D7-4DBD-BD94-C2A0DB1B2CCE}.Debug|x86.ActiveCfg = Debug|Win32
		{A09EF19F-50D7-4DBD-BD94-C2A0DB1B2CCE}.Debug|x86.Build.0 = Debug|Win32
		{A09EF19F-50D7-4DBD-BD94-C2A0DB1B2CCE}.Release|x64.ActiveCfg = Release|x64
		{A09EF19F-50D7-4DBD-BD94-C2A0DB1B2CCE}.Release|x64.Build.0 = Release|x64
		{A09EF19F-50D7-4DBD-BD94-C2A0DB1B2CCE}.Release|x86.ActiveCfg = Release|Win32
		{A09EF19F-50D7-4DBD-BD94-C2A0DB1B2CCE}.Release|x86.Build.0 = Release|Win32
		{C69C0A87-90A4-4189-BBB8-5A57C7A8E92B}.Debug|x64.ActiveCfg = Debug|x64
		{C69C0A87-90A4-4189-BBB8-5A57C7A8E92B}.Debug|x64.Build.0 = Debug|x64
		{C69C0A87-90A4-4189-BBB8-5A57C7A8E92B}.Debug|x86.ActiveCfg = Debug|Win32
		{C69C0A87-90A4-4189-BBB8-5A57C7A8E92B}.Debug|x86.Build.0 = Debug|Win32
		{C69C0A87-90A4-4189-BBB8-5A57C7A8E92B}.Release|x64.ActiveCfg = Release|x64
		{C69C0A87-90A4-4189-BBB8-5A57C7A8E92B}.Release|x64.Build.0 = Release|x64
		{C69C0A87-90A4-4189-BBB8-5A57C7A8E92B}.Release|x86.ActiveCfg = Release|Win32
		{C69C0A87-90A4-4189-BBB8-5A57C7A8E92B}.Release|x86.Build.0 = Release|Win32
	EndGlobalSection
	GlobalSection(SolutionProperties) = preSolution
		HideSolutionNode = FALSE
	EndGlobalSection
EndGlobal
